PODS:
  - Intrepid (0.8.3):
    - Intrepid/Core (= 0.8.3)
  - Intrepid/Core (0.8.3):
    - IP-UIKit-Wisdom (= 0.0.10)
  - IP-UIKit-Wisdom (0.0.10)

DEPENDENCIES:
  - Intrepid

SPEC CHECKSUMS:
  Intrepid: 4b4b20f67ab01ee8f6c3c391dbfe587eff37dd68
  IP-UIKit-Wisdom: b395a065344071b33659e5f6b918043a97c48a44

PODFILE CHECKSUM: b2f26355d78b143af620655ede7c5501d4ae8a06

COCOAPODS: 1.3.1
